
Microsoft Visual Studio Solution File, Format Version 12.00
# Visual Studio Version 17
VisualStudioVersion = 17.7.34031.279
MinimumVisualStudioVersion = 10.0.40219.1
Project("{FAE04EC0-301F-11D3-BF4B-00C04F79EFBC}") = "WpfApp1-Project", "WpfApp1-Project\WpfApp1-Project.csproj", "{D687B98C-B0A2-4737-8A3F-5F04BE508ABE}"
EndProject
Global
	GlobalSection(SolutionConfigurationPlatforms) = preSolution
		Debug|Any CPU = Debug|Any CPU
		Release|Any CPU = Release|Any CPU
	EndGlobalSection
	GlobalSection(ProjectConfigurationPlatforms) = postSolution
		{D687B98C-B0A2-4737-8A3F-5F04BE508ABE}.Debug|Any CPU.ActiveCfg = Debug|Any CPU
		{D687B98C-B0A2-4737-8A3F-5F04BE508ABE}.Debug|Any CPU.Build.0 = Debug|Any CPU
		{D687B98C-B0A2-4737-8A3F-5F04BE508ABE}.Release|Any CPU.ActiveCfg = Release|Any CPU
		{D687B98C-B0A2-4737-8A3F-5F04BE508ABE}.Release|Any CPU.Build.0 = Release|Any CPU
	EndGlobalSection
	GlobalSection(SolutionProperties) = preSolution
		HideSolutionNode = FALSE
	EndGlobalSection
	GlobalSection(ExtensibilityGlobals) = postSolution
		SolutionGuid = {80E5D8F5-8E55-4ADF-90D7-602473F5DF6C}
	EndGlobalSection
EndGlobal
